// !$*UTF8*$!
{
	archiveVersion = 1;
	classes = {
	};
	objectVersion = 46;
	objects = {

/* Begin PBXBuildFile section */
		2B07C5D51E45B1D800DBF1A4 /* AppDelegate.swift in Sources */ = {isa = PBXBuildFile; fileRef = 2B07C5D41E45B1D800DBF1A4 /* AppDelegate.swift */; };
		2B07C5DA1E45B1D800DBF1A4 /* Main.storyboard in Resources */ = {isa = PBXBuildFile; fileRef = 2B07C5D81E45B1D800DBF1A4 /* Main.storyboard */; };
		2B07C5DC1E45B1D800DBF1A4 /* Assets.xcassets in Resources */ = {isa = PBXBuildFile; fileRef = 2B07C5DB1E45B1D800DBF1A4 /* Assets.xcassets */; };
		2B07C5DF1E45B1D800DBF1A4 /* LaunchScreen.storyboard in Resources */ = {isa = PBXBuildFile; fileRef = 2B07C5DD1E45B1D800DBF1A4 /* LaunchScreen.storyboard */; };
		2B07C5EA1E45B1D800DBF1A4 /* MVVMLoginTests.swift in Sources */ = {isa = PBXBuildFile; fileRef = 2B07C5E91E45B1D800DBF1A4 /* MVVMLoginTests.swift */; };
		2B07C5F51E45B1D800DBF1A4 /* MVVMLoginUITests.swift in Sources */ = {isa = PBXBuildFile; fileRef = 2B07C5F41E45B1D800DBF1A4 /* MVVMLoginUITests.swift */; };
		2B07C6081E45B46600DBF1A4 /* OXPLoginViewModel.swift in Sources */ = {isa = PBXBuildFile; fileRef = 2B07C6071E45B46600DBF1A4 /* OXPLoginViewModel.swift */; };
		2B07C60D1E45B6D700DBF1A4 /* OXPBaseViewController.swift in Sources */ = {isa = PBXBuildFile; fileRef = 2B07C60A1E45B6D700DBF1A4 /* OXPBaseViewController.swift */; };
		2B07C60E1E45B6D700DBF1A4 /* OXPLoginViewController.swift in Sources */ = {isa = PBXBuildFile; fileRef = 2B07C60C1E45B6D700DBF1A4 /* OXPLoginViewController.swift */; };
		2B07C6141E45B88700DBF1A4 /* ObservableConvertibleType+Void.swift in Sources */ = {isa = PBXBuildFile; fileRef = 2B07C6121E45B88700DBF1A4 /* ObservableConvertibleType+Void.swift */; };
		2B07C6151E45B88700DBF1A4 /* RxOperators.swift in Sources */ = {isa = PBXBuildFile; fileRef = 2B07C6131E45B88700DBF1A4 /* RxOperators.swift */; };
		2B07C6181E45C28000DBF1A4 /* AuthProtocol.swift in Sources */ = {isa = PBXBuildFile; fileRef = 2B07C6171E45C28000DBF1A4 /* AuthProtocol.swift */; };
		2B07C61A1E45C36500DBF1A4 /* OXPAuthService.swift in Sources */ = {isa = PBXBuildFile; fileRef = 2B07C6191E45C36500DBF1A4 /* OXPAuthService.swift */; };
		8B78D0DC11EF2E6858E46DE0 /* Pods_MVVMLogin.framework in Frameworks */ = {isa = PBXBuildFile; fileRef = 0613E12DEC119901E02CCB8C /* Pods_MVVMLogin.framework */; };
		A77E7AD0B41F727B364461C5 /* Pods_MVVMLoginUITests.framework in Frameworks */ = {isa = PBXBuildFile; fileRef = AC28335941AD8D72D6780AD1 /* Pods_MVVMLoginUITests.framework */; };
		ED2C635644793C368FA72BE4 /* Pods_MVVMLoginTests.framework in Frameworks */ = {isa = PBXBuildFile; fileRef = 963965025A11D1002E2265DE /* Pods_MVVMLoginTests.framework */; };
/* End PBXBuildFile section */

/* Begin PBXContainerItemProxy section */
		2B07C5E61E45B1D800DBF1A4 /* PBXContainerItemProxy */ = {
			isa = PBXContainerItemProxy;
			containerPortal = 2B07C5C91E45B1D800DBF1A4 /* Project object */;
			proxyType = 1;
			remoteGlobalIDString = 2B07C5D01E45B1D800DBF1A4;
			remoteInfo = MVVMLogin;
		};
		2B07C5F11E45B1D800DBF1A4 /* PBXContainerItemProxy */ = {
			isa = PBXContainerItemProxy;
			containerPortal = 2B07C5C91E45B1D800DBF1A4 /* Project object */;
			proxyType = 1;
			remoteGlobalIDString = 2B07C5D01E45B1D800DBF1A4;
			remoteInfo = MVVMLogin;
		};
/* End PBXContainerItemProxy section */

/* Begin PBXFileReference section */
		0613E12DEC119901E02CCB8C /* Pods_MVVMLogin.framework */ = {isa = PBXFileReference; explicitFileType = wrapper.framework; includeInIndex = 0; path = Pods_MVVMLogin.framework; sourceTree = BUILT_PRODUCTS_DIR; };
		1285F13D6D7CD59FDAAFC99B /* Pods-MVVMLoginTests.release.xcconfig */ = {isa = PBXFileReference; includeInIndex = 1; lastKnownFileType = text.xcconfig; name = "Pods-MVVMLoginTests.release.xcconfig"; path = "Pods/Target Support Files/Pods-MVVMLoginTests/Pods-MVVMLoginTests.release.xcconfig"; sourceTree = "<group>"; };
		2AD4929DFFA169FA0BBBB97C /* Pods-MVVMLoginUITests.release.xcconfig */ = {isa = PBXFileReference; includeInIndex = 1; lastKnownFileType = text.xcconfig; name = "Pods-MVVMLoginUITests.release.xcconfig"; path = "Pods/Target Support Files/Pods-MVVMLoginUITests/Pods-MVVMLoginUITests.release.xcconfig"; sourceTree = "<group>"; };
		2B07C5D11E45B1D800DBF1A4 /* MVVMLogin.app */ = {isa = PBXFileReference; explicitFileType = wrapper.application; includeInIndex = 0; path = MVVMLogin.app; sourceTree = BUILT_PRODUCTS_DIR; };
		2B07C5D41E45B1D800DBF1A4 /* AppDelegate.swift */ = {isa = PBXFileReference; lastKnownFileType = sourcecode.swift; name = AppDelegate.swift; path = ../AppDelegate.swift; sourceTree = "<group>"; };
		2B07C5D91E45B1D800DBF1A4 /* Base */ = {isa = PBXFileReference; lastKnownFileType = file.storyboard; name = Base; path = Base.lproj/Main.storyboard; sourceTree = "<group>"; };
		2B07C5DB1E45B1D800DBF1A4 /* Assets.xcassets */ = {isa = PBXFileReference; lastKnownFileType = folder.assetcatalog; path = Assets.xcassets; sourceTree = "<group>"; };
		2B07C5DE1E45B1D800DBF1A4 /* Base */ = {isa = PBXFileReference; lastKnownFileType = file.storyboard; name = Base; path = Base.lproj/LaunchScreen.storyboard; sourceTree = "<group>"; };
		2B07C5E01E45B1D800DBF1A4 /* Info.plist */ = {isa = PBXFileReference; lastKnownFileType = text.plist.xml; path = Info.plist; sourceTree = "<group>"; };
		2B07C5E51E45B1D800DBF1A4 /* MVVMLoginTests.xctest */ = {isa = PBXFileReference; explicitFileType = wrapper.cfbundle; includeInIndex = 0; path = MVVMLoginTests.xctest; sourceTree = BUILT_PRODUCTS_DIR; };
		2B07C5E91E45B1D800DBF1A4 /* MVVMLoginTests.swift */ = {isa = PBXFileReference; lastKnownFileType = sourcecode.swift; path = MVVMLoginTests.swift; sourceTree = "<group>"; };
		2B07C5EB1E45B1D800DBF1A4 /* Info.plist */ = {isa = PBXFileReference; lastKnownFileType = text.plist.xml; path = Info.plist; sourceTree = "<group>"; };
		2B07C5F01E45B1D800DBF1A4 /* MVVMLoginUITests.xctest */ = {isa = PBXFileReference; explicitFileType = wrapper.cfbundle; includeInIndex = 0; path = MVVMLoginUITests.xctest; sourceTree = BUILT_PRODUCTS_DIR; };
		2B07C5F41E45B1D800DBF1A4 /* MVVMLoginUITests.swift */ = {isa = PBXFileReference; lastKnownFileType = sourcecode.swift; path = MVVMLoginUITests.swift; sourceTree = "<group>"; };
		2B07C5F61E45B1D800DBF1A4 /* Info.plist */ = {isa = PBXFileReference; lastKnownFileType = text.plist.xml; path = Info.plist; sourceTree = "<group>"; };
		2B07C6071E45B46600DBF1A4 /* OXPLoginViewModel.swift */ = {isa = PBXFileReference; fileEncoding = 4; lastKnownFileType = sourcecode.swift; path = OXPLoginViewModel.swift; sourceTree = "<group>"; };
		2B07C60A1E45B6D700DBF1A4 /* OXPBaseViewController.swift */ = {isa = PBXFileReference; fileEncoding = 4; lastKnownFileType = sourcecode.swift; path = OXPBaseViewController.swift; sourceTree = "<group>"; };
		2B07C60C1E45B6D700DBF1A4 /* OXPLoginViewController.swift */ = {isa = PBXFileReference; fileEncoding = 4; lastKnownFileType = sourcecode.swift; path = OXPLoginViewController.swift; sourceTree = "<group>"; };
		2B07C6121E45B88700DBF1A4 /* ObservableConvertibleType+Void.swift */ = {isa = PBXFileReference; fileEncoding = 4; lastKnownFileType = sourcecode.swift; path = "ObservableConvertibleType+Void.swift"; sourceTree = "<group>"; };
		2B07C6131E45B88700DBF1A4 /* RxOperators.swift */ = {isa = PBXFileReference; fileEncoding = 4; lastKnownFileType = sourcecode.swift; path = RxOperators.swift; sourceTree = "<group>"; };
		2B07C6171E45C28000DBF1A4 /* AuthProtocol.swift */ = {isa = PBXFileReference; fileEncoding = 4; lastKnownFileType = sourcecode.swift; path = AuthProtocol.swift; sourceTree = "<group>"; };
		2B07C6191E45C36500DBF1A4 /* OXPAuthService.swift */ = {isa = PBXFileReference; fileEncoding = 4; lastKnownFileType = sourcecode.swift; path = OXPAuthService.swift; sourceTree = "<group>"; };
		3CC48564CE5550602E04528F /* Pods-MVVMLogin.release.xcconfig */ = {isa = PBXFileReference; includeInIndex = 1; lastKnownFileType = text.xcconfig; name = "Pods-MVVMLogin.release.xcconfig"; path = "Pods/Target Support Files/Pods-MVVMLogin/Pods-MVVMLogin.release.xcconfig"; sourceTree = "<group>"; };
		47E159BCC3FFB1508A3E9577 /* Pods-MVVMLoginUITests.debug.xcconfig */ = {isa = PBXFileReference; includeInIndex = 1; lastKnownFileType = text.xcconfig; name = "Pods-MVVMLoginUITests.debug.xcconfig"; path = "Pods/Target Support Files/Pods-MVVMLoginUITests/Pods-MVVMLoginUITests.debug.xcconfig"; sourceTree = "<group>"; };
		9633A172D1F98AB98E4AF7E0 /* Pods-MVVMLogin.debug.xcconfig */ = {isa = PBXFileReference; includeInIndex = 1; lastKnownFileType = text.xcconfig; name = "Pods-MVVMLogin.debug.xcconfig"; path = "Pods/Target Support Files/Pods-MVVMLogin/Pods-MVVMLogin.debug.xcconfig"; sourceTree = "<group>"; };
		963965025A11D1002E2265DE /* Pods_MVVMLoginTests.framework */ = {isa = PBXFileReference; explicitFileType = wrapper.framework; includeInIndex = 0; path = Pods_MVVMLoginTests.framework; sourceTree = BUILT_PRODUCTS_DIR; };
		AC28335941AD8D72D6780AD1 /* Pods_MVVMLoginUITests.framework */ = {isa = PBXFileReference; explicitFileType = wrapper.framework; includeInIndex = 0; path = Pods_MVVMLoginUITests.framework; sourceTree = BUILT_PRODUCTS_DIR; };
		F6A86FAB58D3899A1B55DE22 /* Pods-MVVMLoginTests.debug.xcconfig */ = {isa = PBXFileReference; includeInIndex = 1; lastKnownFileType = text.xcconfig; name = "Pods-MVVMLoginTests.debug.xcconfig"; path = "Pods/Target Support Files/Pods-MVVMLoginTests/Pods-MVVMLoginTests.debug.xcconfig"; sourceTree = "<group>"; };
/* End PBXFileReference section */

/* Begin PBXFrameworksBuildPhase section */
		2B07C5CE1E45B1D800DBF1A4 /* Frameworks */ = {
			isa = PBXFrameworksBuildPhase;
			buildActionMask = 2147483647;
			files = (
				8B78D0DC11EF2E6858E46DE0 /* Pods_MVVMLogin.framework in Frameworks */,
			);
			runOnlyForDeploymentPostprocessing = 0;
		};
		2B07C5E21E45B1D800DBF1A4 /* Frameworks */ = {
			isa = PBXFrameworksBuildPhase;
			buildActionMask = 2147483647;
			files = (
				ED2C635644793C368FA72BE4 /* Pods_MVVMLoginTests.framework in Frameworks */,
			);
			runOnlyForDeploymentPostprocessing = 0;
		};
		2B07C5ED1E45B1D800DBF1A4 /* Frameworks */ = {
			isa = PBXFrameworksBuildPhase;
			buildActionMask = 2147483647;
			files = (
				A77E7AD0B41F727B364461C5 /* Pods_MVVMLoginUITests.framework in Frameworks */,
			);
			runOnlyForDeploymentPostprocessing = 0;
		};
/* End PBXFrameworksBuildPhase section */

/* Begin PBXGroup section */
		2B07C5C81E45B1D800DBF1A4 = {
			isa = PBXGroup;
			children = (
				2B07C5D31E45B1D800DBF1A4 /* MVVMLogin */,
				2B07C5E81E45B1D800DBF1A4 /* MVVMLoginTests */,
				2B07C5F31E45B1D800DBF1A4 /* MVVMLoginUITests */,
				2B07C5D21E45B1D800DBF1A4 /* Products */,
				2DCD8A94E7F4458C76BE08C4 /* Pods */,
				A421B3DD62F72A2671EBBA6F /* Frameworks */,
			);
			sourceTree = "<group>";
		};
		2B07C5D21E45B1D800DBF1A4 /* Products */ = {
			isa = PBXGroup;
			children = (
				2B07C5D11E45B1D800DBF1A4 /* MVVMLogin.app */,
				2B07C5E51E45B1D800DBF1A4 /* MVVMLoginTests.xctest */,
				2B07C5F01E45B1D800DBF1A4 /* MVVMLoginUITests.xctest */,
			);
			name = Products;
			sourceTree = "<group>";
		};
		2B07C5D31E45B1D800DBF1A4 /* MVVMLogin */ = {
			isa = PBXGroup;
			children = (
				2B07C6101E45B84F00DBF1A4 /* Application */,
				2B07C6041E45B36D00DBF1A4 /* Models */,
				2B07C6021E45B36200DBF1A4 /* Views */,
				2B07C6031E45B36900DBF1A4 /* ViewModels */,
				2B07C6161E45C25100DBF1A4 /* Service */,
				2B07C60F1E45B84A00DBF1A4 /* Vendor */,
				2B07C5D81E45B1D800DBF1A4 /* Main.storyboard */,
				2B07C5DB1E45B1D800DBF1A4 /* Assets.xcassets */,
				2B07C5DD1E45B1D800DBF1A4 /* LaunchScreen.storyboard */,
				2B07C5E01E45B1D800DBF1A4 /* Info.plist */,
			);
			path = MVVMLogin;
			sourceTree = "<group>";
		};
		2B07C5E81E45B1D800DBF1A4 /* MVVMLoginTests */ = {
			isa = PBXGroup;
			children = (
				2B07C5E91E45B1D800DBF1A4 /* MVVMLoginTests.swift */,
				2B07C5EB1E45B1D800DBF1A4 /* Info.plist */,
			);
			path = MVVMLoginTests;
			sourceTree = "<group>";
		};
		2B07C5F31E45B1D800DBF1A4 /* MVVMLoginUITests */ = {
			isa = PBXGroup;
			children = (
				2B07C5F41E45B1D800DBF1A4 /* MVVMLoginUITests.swift */,
				2B07C5F61E45B1D800DBF1A4 /* Info.plist */,
			);
			path = MVVMLoginUITests;
			sourceTree = "<group>";
		};
		2B07C6021E45B36200DBF1A4 /* Views */ = {
			isa = PBXGroup;
			children = (
				2B07C6091E45B6D700DBF1A4 /* Base */,
				2B07C60B1E45B6D700DBF1A4 /* Login */,
			);
			path = Views;
			sourceTree = "<group>";
		};
		2B07C6031E45B36900DBF1A4 /* ViewModels */ = {
			isa = PBXGroup;
			children = (
				2B07C6071E45B46600DBF1A4 /* OXPLoginViewModel.swift */,
			);
			path = ViewModels;
			sourceTree = "<group>";
		};
		2B07C6041E45B36D00DBF1A4 /* Models */ = {
			isa = PBXGroup;
			children = (
			);
			path = Models;
			sourceTree = "<group>";
		};
		2B07C6091E45B6D700DBF1A4 /* Base */ = {
			isa = PBXGroup;
			children = (
				2B07C60A1E45B6D700DBF1A4 /* OXPBaseViewController.swift */,
			);
			path = Base;
			sourceTree = "<group>";
		};
		2B07C60B1E45B6D700DBF1A4 /* Login */ = {
			isa = PBXGroup;
			children = (
				2B07C60C1E45B6D700DBF1A4 /* OXPLoginViewController.swift */,
			);
			path = Login;
			sourceTree = "<group>";
		};
		2B07C60F1E45B84A00DBF1A4 /* Vendor */ = {
			isa = PBXGroup;
			children = (
				2B07C6111E45B88700DBF1A4 /* Rx */,
			);
			path = Vendor;
			sourceTree = "<group>";
		};
		2B07C6101E45B84F00DBF1A4 /* Application */ = {
			isa = PBXGroup;
			children = (
				2B07C5D41E45B1D800DBF1A4 /* AppDelegate.swift */,
			);
			path = Application;
			sourceTree = "<group>";
		};
		2B07C6111E45B88700DBF1A4 /* Rx */ = {
			isa = PBXGroup;
			children = (
				2B07C6121E45B88700DBF1A4 /* ObservableConvertibleType+Void.swift */,
				2B07C6131E45B88700DBF1A4 /* RxOperators.swift */,
			);
			path = Rx;
			sourceTree = "<group>";
		};
		2B07C6161E45C25100DBF1A4 /* Service */ = {
			isa = PBXGroup;
			children = (
				2B07C6171E45C28000DBF1A4 /* AuthProtocol.swift */,
				2B07C6191E45C36500DBF1A4 /* OXPAuthService.swift */,
			);
			path = Service;
			sourceTree = "<group>";
		};
		2DCD8A94E7F4458C76BE08C4 /* Pods */ = {
			isa = PBXGroup;
			children = (
				9633A172D1F98AB98E4AF7E0 /* Pods-MVVMLogin.debug.xcconfig */,
				3CC48564CE5550602E04528F /* Pods-MVVMLogin.release.xcconfig */,
				F6A86FAB58D3899A1B55DE22 /* Pods-MVVMLoginTests.debug.xcconfig */,
				1285F13D6D7CD59FDAAFC99B /* Pods-MVVMLoginTests.release.xcconfig */,
				47E159BCC3FFB1508A3E9577 /* Pods-MVVMLoginUITests.debug.xcconfig */,
				2AD4929DFFA169FA0BBBB97C /* Pods-MVVMLoginUITests.release.xcconfig */,
			);
			name = Pods;
			sourceTree = "<group>";
		};
		A421B3DD62F72A2671EBBA6F /* Frameworks */ = {
			isa = PBXGroup;
			children = (
				0613E12DEC119901E02CCB8C /* Pods_MVVMLogin.framework */,
				963965025A11D1002E2265DE /* Pods_MVVMLoginTests.framework */,
				AC28335941AD8D72D6780AD1 /* Pods_MVVMLoginUITests.framework */,
			);
			name = Frameworks;
			sourceTree = "<group>";
		};
/* End PBXGroup section */

/* Begin PBXNativeTarget section */
		2B07C5D01E45B1D800DBF1A4 /* MVVMLogin */ = {
			isa = PBXNativeTarget;
			buildConfigurationList = 2B07C5F91E45B1D800DBF1A4 /* Build configuration list for PBXNativeTarget "MVVMLogin" */;
			buildPhases = (
				EBC74BFCB1B01725F94E7F25 /* [CP] Check Pods Manifest.lock */,
				2B07C5CD1E45B1D800DBF1A4 /* Sources */,
				2B07C5CE1E45B1D800DBF1A4 /* Frameworks */,
				2B07C5CF1E45B1D800DBF1A4 /* Resources */,
				E205695F892FAFF5402763E6 /* [CP] Embed Pods Frameworks */,
				320FFE6BBBB048018DC5FD52 /* [CP] Copy Pods Resources */,
			);
			buildRules = (
			);
			dependencies = (
			);
			name = MVVMLogin;
			productName = MVVMLogin;
			productReference = 2B07C5D11E45B1D800DBF1A4 /* MVVMLogin.app */;
			productType = "com.apple.product-type.application";
		};
		2B07C5E41E45B1D800DBF1A4 /* MVVMLoginTests */ = {
			isa = PBXNativeTarget;
			buildConfigurationList = 2B07C5FC1E45B1D800DBF1A4 /* Build configuration list for PBXNativeTarget "MVVMLoginTests" */;
			buildPhases = (
				1806D7FE5C3C965AB8DF2732 /* [CP] Check Pods Manifest.lock */,
				2B07C5E11E45B1D800DBF1A4 /* Sources */,
				2B07C5E21E45B1D800DBF1A4 /* Frameworks */,
				2B07C5E31E45B1D800DBF1A4 /* Resources */,
				E240F962531B54198B2EC2B8 /* [CP] Embed Pods Frameworks */,
				BE72B023C8876CBD814D1D76 /* [CP] Copy Pods Resources */,
			);
			buildRules = (
			);
			dependencies = (
				2B07C5E71E45B1D800DBF1A4 /* PBXTargetDependency */,
			);
			name = MVVMLoginTests;
			productName = MVVMLoginTests;
			productReference = 2B07C5E51E45B1D800DBF1A4 /* MVVMLoginTests.xctest */;
			productType = "com.apple.product-type.bundle.unit-test";
		};
		2B07C5EF1E45B1D800DBF1A4 /* MVVMLoginUITests */ = {
			isa = PBXNativeTarget;
			buildConfigurationList = 2B07C5FF1E45B1D800DBF1A4 /* Build configuration list for PBXNativeTarget "MVVMLoginUITests" */;
			buildPhases = (
				8EB6131CC170212D1515BD7C /* [CP] Check Pods Manifest.lock */,
				2B07C5EC1E45B1D800DBF1A4 /* Sources */,
				2B07C5ED1E45B1D800DBF1A4 /* Frameworks */,
				2B07C5EE1E45B1D800DBF1A4 /* Resources */,
				9E5E50F174236870612D21B4 /* [CP] Embed Pods Frameworks */,
				B9967A54B8DEA3D0785762DB /* [CP] Copy Pods Resources */,
			);
			buildRules = (
			);
			dependencies = (
				2B07C5F21E45B1D800DBF1A4 /* PBXTargetDependency */,
			);
			name = MVVMLoginUITests;
			productName = MVVMLoginUITests;
			productReference = 2B07C5F01E45B1D800DBF1A4 /* MVVMLoginUITests.xctest */;
			productType = "com.apple.product-type.bundle.ui-testing";
		};
/* End PBXNativeTarget section */

/* Begin PBXProject section */
		2B07C5C91E45B1D800DBF1A4 /* Project object */ = {
			isa = PBXProject;
			attributes = {
				CLASSPREFIX = OXP;
				LastSwiftUpdateCheck = 0820;
				LastUpgradeCheck = 0820;
				ORGANIZATIONNAME = oxape;
				TargetAttributes = {
					2B07C5D01E45B1D800DBF1A4 = {
						CreatedOnToolsVersion = 8.2.1;
						DevelopmentTeam = 2MBCXRJ4S3;
						ProvisioningStyle = Automatic;
					};
					2B07C5E41E45B1D800DBF1A4 = {
						CreatedOnToolsVersion = 8.2.1;
						DevelopmentTeam = 2MBCXRJ4S3;
						ProvisioningStyle = Automatic;
						TestTargetID = 2B07C5D01E45B1D800DBF1A4;
					};
					2B07C5EF1E45B1D800DBF1A4 = {
						CreatedOnToolsVersion = 8.2.1;
						DevelopmentTeam = 2MBCXRJ4S3;
						ProvisioningStyle = Automatic;
						TestTargetID = 2B07C5D01E45B1D800DBF1A4;
					};
				};
			};
			buildConfigurationList = 2B07C5CC1E45B1D800DBF1A4 /* Build configuration list for PBXProject "MVVMLogin" */;
			compatibilityVersion = "Xcode 3.2";
			developmentRegion = English;
			hasScannedForEncodings = 0;
			knownRegions = (
				en,
				Base,
			);
			mainGroup = 2B07C5C81E45B1D800DBF1A4;
			productRefGroup = 2B07C5D21E45B1D800DBF1A4 /* Products */;
			projectDirPath = "";
			projectRoot = "";
			targets = (
				2B07C5D01E45B1D800DBF1A4 /* MVVMLogin */,
				2B07C5E41E45B1D800DBF1A4 /* MVVMLoginTests */,
				2B07C5EF1E45B1D800DBF1A4 /* MVVMLoginUITests */,
			);
		};
/* End PBXProject section */

/* Begin PBXResourcesBuildPhase section */
		2B07C5CF1E45B1D800DBF1A4 /* Resources */ = {
			isa = PBXResourcesBuildPhase;
			buildActionMask = 2147483647;
			files = (
				2B07C5DF1E45B1D800DBF1A4 /* LaunchScreen.storyboard in Resources */,
				2B07C5DC1E45B1D800DBF1A4 /* Assets.xcassets in Resources */,
				2B07C5DA1E45B1D800DBF1A4 /* Main.storyboard in Resources */,
			);
			runOnlyForDeploymentPostprocessing = 0;
		};
		2B07C5E31E45B1D800DBF1A4 /* Resources */ = {
			isa = PBXResourcesBuildPhase;
			buildActionMask = 2147483647;
			files = (
			);
			runOnlyForDeploymentPostprocessing = 0;
		};
		2B07C5EE1E45B1D800DBF1A4 /* Resources */ = {
			isa = PBXResourcesBuildPhase;
			buildActionMask = 2147483647;
			files = (
			);
			runOnlyForDeploymentPostprocessing = 0;
		};
/* End PBXResourcesBuildPhase section */

/* Begin PBXShellScriptBuildPhase section */
		1806D7FE5C3C965AB8DF2732 /* [CP] Check Pods Manifest.lock */ = {
			isa = PBXShellScriptBuildPhase;
			buildActionMask = 2147483647;
			files = (
			);
			inputPaths = (
			);
			name = "[CP] Check Pods Manifest.lock";
			outputPaths = (
			);
			runOnlyForDeploymentPostprocessing = 0;
			shellPath = /bin/sh;
			shellScript = "diff \"${PODS_ROOT}/../Podfile.lock\" \"${PODS_ROOT}/Manifest.lock\" > /dev/null\nif [ $? != 0 ] ; then\n    # print error to STDERR\n    echo \"error: The sandbox is not in sync with the Podfile.lock. Run 'pod install' or update your CocoaPods installation.\" >&2\n    exit 1\nfi\n";
			showEnvVarsInLog = 0;
		};
		320FFE6BBBB048018DC5FD52 /* [CP] Copy Pods Resources */ = {
			isa = PBXShellScriptBuildPhase;
			buildActionMask = 2147483647;
			files = (
			);
			inputPaths = (
			);
			name = "[CP] Copy Pods Resources";
			outputPaths = (
			);
			runOnlyForDeploymentPostprocessing = 0;
			shellPath = /bin/sh;
			shellScript = "\"${SRCROOT}/Pods/Target Support Files/Pods-MVVMLogin/Pods-MVVMLogin-resources.sh\"\n";
			showEnvVarsInLog = 0;
		};
		8EB6131CC170212D1515BD7C /* [CP] Check Pods Manifest.lock */ = {
			isa = PBXShellScriptBuildPhase;
			buildActionMask = 2147483647;
			files = (
			);
			inputPaths = (
			);
			name = "[CP] Check Pods Manifest.lock";
			outputPaths = (
			);
			runOnlyForDeploymentPostprocessing = 0;
			shellPath = /bin/sh;
			shellScript = "diff \"${PODS_ROOT}/../Podfile.lock\" \"${PODS_ROOT}/Manifest.lock\" > /dev/null\nif [ $? != 0 ] ; then\n    # print error to STDERR\n    echo \"error: The sandbox is not in sync with the Podfile.lock. Run 'pod install' or update your CocoaPods installation.\" >&2\n    exit 1\nfi\n";
			showEnvVarsInLog = 0;
		};
		9E5E50F174236870612D21B4 /* [CP] Embed Pods Frameworks */ = {
			isa = PBXShellScriptBuildPhase;
			buildActionMask = 2147483647;
			files = (
			);
			inputPaths = (
			);
			name = "[CP] Embed Pods Frameworks";
			outputPaths = (
			);
			runOnlyForDeploymentPostprocessing = 0;
			shellPath = /bin/sh;
			shellScript = "\"${SRCROOT}/Pods/Target Support Files/Pods-MVVMLoginUITests/Pods-MVVMLoginUITests-frameworks.sh\"\n";
			showEnvVarsInLog = 0;
		};
		B9967A54B8DEA3D0785762DB /* [CP] Copy Pods Resources */ = {
			isa = PBXShellScriptBuildPhase;
			buildActionMask = 2147483647;
			files = (
			);
			inputPaths = (
			);
			name = "[CP] Copy Pods Resources";
			outputPaths = (
			);
			runOnlyForDeploymentPostprocessing = 0;
			shellPath = /bin/sh;
			shellScript = "\"${SRCROOT}/Pods/Target Support Files/Pods-MVVMLoginUITests/Pods-MVVMLoginUITests-resources.sh\"\n";
			showEnvVarsInLog = 0;
		};
		BE72B023C8876CBD814D1D76 /* [CP] Copy Pods Resources */ = {
			isa = PBXShellScriptBuildPhase;
			buildActionMask = 2147483647;
			files = (
			);
			inputPaths = (
			);
			name = "[CP] Copy Pods Resources";
			outputPaths = (
			);
			runOnlyForDeploymentPostprocessing = 0;
			shellPath = /bin/sh;
			shellScript = "\"${SRCROOT}/Pods/Target Support Files/Pods-MVVMLoginTests/Pods-MVVMLoginTests-resources.sh\"\n";
			showEnvVarsInLog = 0;
		};
		E205695F892FAFF5402763E6 /* [CP] Embed Pods Frameworks */ = {
			isa = PBXShellScriptBuildPhase;
			buildActionMask = 2147483647;
			files = (
			);
			inputPaths = (
			);
			name = "[CP] Embed Pods Frameworks";
			outputPaths = (
			);
			runOnlyForDeploymentPostprocessing = 0;
			shellPath = /bin/sh;
			shellScript = "\"${SRCROOT}/Pods/Target Support Files/Pods-MVVMLogin/Pods-MVVMLogin-frameworks.sh\"\n";
			showEnvVarsInLog = 0;
		};
		E240F962531B54198B2EC2B8 /* [CP] Embed Pods Frameworks */ = {
			isa = PBXShellScriptBuildPhase;
			buildActionMask = 2147483647;
			files = (
			);
			inputPaths = (
			);
			name = "[CP] Embed Pods Frameworks";
			outputPaths = (
			);
			runOnlyForDeploymentPostprocessing = 0;
			shellPath = /bin/sh;
			shellScript = "\"${SRCROOT}/Pods/Target Support Files/Pods-MVVMLoginTests/Pods-MVVMLoginTests-frameworks.sh\"\n";
			showEnvVarsInLog = 0;
		};
		EBC74BFCB1B01725F94E7F25 /* [CP] Check Pods Manifest.lock */ = {
			isa = PBXShellScriptBuildPhase;
			buildActionMask = 2147483647;
			files = (
			);
			inputPaths = (
			);
			name = "[CP] Check Pods Manifest.lock";
			outputPaths = (
			);
			runOnlyForDeploymentPostprocessing = 0;
			shellPath = /bin/sh;
			shellScript = "diff \"${PODS_ROOT}/../Podfile.lock\" \"${PODS_ROOT}/Manifest.lock\" > /dev/null\nif [ $? != 0 ] ; then\n    # print error to STDERR\n    echo \"error: The sandbox is not in sync with the Podfile.lock. Run 'pod install' or update your CocoaPods installation.\" >&2\n    exit 1\nfi\n";
			showEnvVarsInLog = 0;
		};
/* End PBXShellScriptBuildPhase section */

/* Begin PBXSourcesBuildPhase section */
		2B07C5CD1E45B1D800DBF1A4 /* Sources */ = {
			isa = PBXSourcesBuildPhase;
			buildActionMask = 2147483647;
			files = (
				2B07C6181E45C28000DBF1A4 /* AuthProtocol.swift in Sources */,
				2B07C61A1E45C36500DBF1A4 /* OXPAuthService.swift in Sources */,
				2B07C6081E45B46600DBF1A4 /* OXPLoginViewModel.swift in Sources */,
				2B07C6141E45B88700DBF1A4 /* ObservableConvertibleType+Void.swift in Sources */,
				2B07C5D51E45B1D800DBF1A4 /* AppDelegate.swift in Sources */,
				2B07C6151E45B88700DBF1A4 /* RxOperators.swift in Sources */,
				2B07C60E1E45B6D700DBF1A4 /* OXPLoginViewController.swift in Sources */,
				2B07C60D1E45B6D700DBF1A4 /* OXPBaseViewController.swift in Sources */,
			);
			runOnlyForDeploymentPostprocessing = 0;
		};
		2B07C5E11E45B1D800DBF1A4 /* Sources */ = {
			isa = PBXSourcesBuildPhase;
			buildActionMask = 2147483647;
			files = (
				2B07C5EA1E45B1D800DBF1A4 /* MVVMLoginTests.swift in Sources */,
			);
			runOnlyForDeploymentPostprocessing = 0;
		};
		2B07C5EC1E45B1D800DBF1A4 /* Sources */ = {
			isa = PBXSourcesBuildPhase;
			buildActionMask = 2147483647;
			files = (
				2B07C5F51E45B1D800DBF1A4 /* MVVMLoginUITests.swift in Sources */,
			);
			runOnlyForDeploymentPostprocessing = 0;
		};
/* End PBXSourcesBuildPhase section */

/* Begin PBXTargetDependency section */
		2B07C5E71E45B1D800DBF1A4 /* PBXTargetDependency */ = {
			isa = PBXTargetDependency;
			target = 2B07C5D01E45B1D800DBF1A4 /* MVVMLogin */;
			targetProxy = 2B07C5E61E45B1D800DBF1A4 /* PBXContainerItemProxy */;
		};
		2B07C5F21E45B1D800DBF1A4 /* PBXTargetDependency */ = {
			isa = PBXTargetDependency;
			target = 2B07C5D01E45B1D800DBF1A4 /* MVVMLogin */;
			targetProxy = 2B07C5F11E45B1D800DBF1A4 /* PBXContainerItemProxy */;
		};
/* End PBXTargetDependency section */

/* Begin PBXVariantGroup section */
		2B07C5D81E45B1D800DBF1A4 /* Main.storyboard */ = {
			isa = PBXVariantGroup;
			children = (
				2B07C5D91E45B1D800DBF1A4 /* Base */,
			);
			name = Main.storyboard;
			sourceTree = "<group>";
		};
		2B07C5DD1E45B1D800DBF1A4 /* LaunchScreen.storyboard */ = {
			isa = PBXVariantGroup;
			children = (
				2B07C5DE1E45B1D800DBF1A4 /* Base */,
			);
			name = LaunchScreen.storyboard;
			sourceTree = "<group>";
		};
/* End PBXVariantGroup section */

/* Begin XCBuildConfiguration section */
		2B07C5F71E45B1D800DBF1A4 /* Debug */ = {
			isa = XCBuildConfiguration;
			buildSettings = {
				ALWAYS_SEARCH_USER_PATHS = NO;
				CLANG_ANALYZER_NONNULL = YES;
				CLANG_CXX_LANGUAGE_STANDARD = "gnu++0x";
				CLANG_CXX_LIBRARY = "libc++";
				CLANG_ENABLE_MODULES = YES;
				CLANG_ENABLE_OBJC_ARC = YES;
				CLANG_WARN_BOOL_CONVERSION = YES;
				CLANG_WARN_CONSTANT_CONVERSION = YES;
				CLANG_WARN_DIRECT_OBJC_ISA_USAGE = YES_ERROR;
				CLANG_WARN_DOCUMENTATION_COMMENTS = YES;
				CLANG_WARN_EMPTY_BODY = YES;
				CLANG_WARN_ENUM_CONVERSION = YES;
				CLANG_WARN_INFINITE_RECURSION = YES;
				CLANG_WARN_INT_CONVERSION = YES;
				CLANG_WARN_OBJC_ROOT_CLASS = YES_ERROR;
				CLANG_WARN_SUSPICIOUS_MOVE = YES;
				CLANG_WARN_UNREACHABLE_CODE = YES;
				CLANG_WARN__DUPLICATE_METHOD_MATCH = YES;
				"CODE_SIGN_IDENTITY[sdk=iphoneos*]" = "iPhone Developer";
				COPY_PHASE_STRIP = NO;
				DEBUG_INFORMATION_FORMAT = dwarf;
				ENABLE_STRICT_OBJC_MSGSEND = YES;
				ENABLE_TESTABILITY = YES;
				GCC_C_LANGUAGE_STANDARD = gnu99;
				GCC_DYNAMIC_NO_PIC = NO;
				GCC_NO_COMMON_BLOCKS = YES;
				GCC_OPTIMIZATION_LEVEL = 0;
				GCC_PREPROCESSOR_DEFINITIONS = (
					"DEBUG=1",
					"$(inherited)",
				);
				GCC_WARN_64_TO_32_BIT_CONVERSION = YES;
				GCC_WARN_ABOUT_RETURN_TYPE = YES_ERROR;
				GCC_WARN_UNDECLARED_SELECTOR = YES;
				GCC_WARN_UNINITIALIZED_AUTOS = YES_AGGRESSIVE;
				GCC_WARN_UNUSED_FUNCTION = YES;
				GCC_WARN_UNUSED_VARIABLE = YES;
				IPHONEOS_DEPLOYMENT_TARGET = 10.2;
				MTL_ENABLE_DEBUG_INFO = YES;
				ONLY_ACTIVE_ARCH = YES;
				SDKROOT = iphoneos;
				SWIFT_ACTIVE_COMPILATION_CONDITIONS = DEBUG;
				SWIFT_OPTIMIZATION_LEVEL = "-Onone";
			};
			name = Debug;
		};
		2B07C5F81E45B1D800DBF1A4 /* Release */ = {
			isa = XCBuildConfiguration;
			buildSettings = {
				ALWAYS_SEARCH_USER_PATHS = NO;
				CLANG_ANALYZER_NONNULL = YES;
				CLANG_CXX_LANGUAGE_STANDARD = "gnu++0x";
				CLANG_CXX_LIBRARY = "libc++";
				CLANG_ENABLE_MODULES = YES;
				CLANG_ENABLE_OBJC_ARC = YES;
				CLANG_WARN_BOOL_CONVERSION = YES;
				CLANG_WARN_CONSTANT_CONVERSION = YES;
				CLANG_WARN_DIRECT_OBJC_ISA_USAGE = YES_ERROR;
				CLANG_WARN_DOCUMENTATION_COMMENTS = YES;
				CLANG_WARN_EMPTY_BODY = YES;
				CLANG_WARN_ENUM_CONVERSION = YES;
				CLANG_WARN_INFINITE_RECURSION = YES;
				CLANG_WARN_INT_CONVERSION = YES;
				CLANG_WARN_OBJC_ROOT_CLASS = YES_ERROR;
				CLANG_WARN_SUSPICIOUS_MOVE = YES;
				CLANG_WARN_UNREACHABLE_CODE = YES;
				CLANG_WARN__DUPLICATE_METHOD_MATCH = YES;
				"CODE_SIGN_IDENTITY[sdk=iphoneos*]" = "iPhone Developer";
				COPY_PHASE_STRIP = NO;
				DEBUG_INFORMATION_FORMAT = "dwarf-with-dsym";
				ENABLE_NS_ASSERTIONS = NO;
				ENABLE_STRICT_OBJC_MSGSEND = YES;
				GCC_C_LANGUAGE_STANDARD = gnu99;
				GCC_NO_COMMON_BLOCKS = YES;
				GCC_WARN_64_TO_32_BIT_CONVERSION = YES;
				GCC_WARN_ABOUT_RETURN_TYPE = YES_ERROR;
				GCC_WARN_UNDECLARED_SELECTOR = YES;
				GCC_WARN_UNINITIALIZED_AUTOS = YES_AGGRESSIVE;
				GCC_WARN_UNUSED_FUNCTION = YES;
				GCC_WARN_UNUSED_VARIABLE = YES;
				IPHONEOS_DEPLOYMENT_TARGET = 10.2;
				MTL_ENABLE_DEBUG_INFO = NO;
				SDKROOT = iphoneos;
				SWIFT_OPTIMIZATION_LEVEL = "-Owholemodule";
				VALIDATE_PRODUCT = YES;
			};
			name = Release;
		};
		2B07C5FA1E45B1D800DBF1A4 /* Debug */ = {
			isa = XCBuildConfiguration;
			baseConfigurationReference = 9633A172D1F98AB98E4AF7E0 /* Pods-MVVMLogin.debug.xcconfig */;
			buildSettings = {
				ALWAYS_EMBED_SWIFT_STANDARD_LIBRARIES = "$(inherited)";
				ASSETCATALOG_COMPILER_APPICON_NAME = AppIcon;
				DEVELOPMENT_TEAM = 2MBCXRJ4S3;
				INFOPLIST_FILE = MVVMLogin/Info.plist;
				LD_RUNPATH_SEARCH_PATHS = "$(inherited) @executable_path/Frameworks";
				PRODUCT_BUNDLE_IDENTIFIER = com.oxape.MVVMLogin;
				PRODUCT_NAME = "$(TARGET_NAME)";
				SWIFT_VERSION = 3.0;
			};
			name = Debug;
		};
		2B07C5FB1E45B1D800DBF1A4 /* Release */ = {
			isa = XCBuildConfiguration;
			baseConfigurationReference = 3CC48564CE5550602E04528F /* Pods-MVVMLogin.release.xcconfig */;
			buildSettings = {
				ALWAYS_EMBED_SWIFT_STANDARD_LIBRARIES = "$(inherited)";
				ASSETCATALOG_COMPILER_APPICON_NAME = AppIcon;
				DEVELOPMENT_TEAM = 2MBCXRJ4S3;
				INFOPLIST_FILE = MVVMLogin/Info.plist;
				LD_RUNPATH_SEARCH_PATHS = "$(inherited) @executable_path/Frameworks";
				PRODUCT_BUNDLE_IDENTIFIER = com.oxape.MVVMLogin;
				PRODUCT_NAME = "$(TARGET_NAME)";
				SWIFT_VERSION = 3.0;
			};
			name = Release;
		};
		2B07C5FD1E45B1D800DBF1A4 /* Debug */ = {
			isa = XCBuildConfiguration;
			baseConfigurationReference = F6A86FAB58D3899A1B55DE22 /* Pods-MVVMLoginTests.debug.xcconfig */;
			buildSettings = {
				ALWAYS_EMBED_SWIFT_STANDARD_LIBRARIES = "$(inherited)";
				BUNDLE_LOADER = "$(TEST_HOST)";
				DEVELOPMENT_TEAM = 2MBCXRJ4S3;
				INFOPLIST_FILE = MVVMLoginTests/Info.plist;
				LD_RUNPATH_SEARCH_PATHS = "$(inherited) @executable_path/Frameworks @loader_path/Frameworks";
				PRODUCT_BUNDLE_IDENTIFIER = com.oxape.MVVMLoginTests;
				PRODUCT_NAME = "$(TARGET_NAME)";
				SWIFT_VERSION = 3.0;
				TEST_HOST = "$(BUILT_PRODUCTS_DIR)/MVVMLogin.app/MVVMLogin";
			};
			name = Debug;
		};
		2B07C5FE1E45B1D800DBF1A4 /* Release */ = {
			isa = XCBuildConfiguration;
			baseConfigurationReference = 1285F13D6D7CD59FDAAFC99B /* Pods-MVVMLoginTests.release.xcconfig */;
			buildSettings = {
				ALWAYS_EMBED_SWIFT_STANDARD_LIBRARIES = "$(inherited)";
				BUNDLE_LOADER = "$(TEST_HOST)";
				DEVELOPMENT_TEAM = 2MBCXRJ4S3;
				INFOPLIST_FILE = MVVMLoginTests/Info.plist;
				LD_RUNPATH_SEARCH_PATHS = "$(inherited) @executable_path/Frameworks @loader_path/Frameworks";
				PRODUCT_BUNDLE_IDENTIFIER = com.oxape.MVVMLoginTests;
				PRODUCT_NAME = "$(TARGET_NAME)";
				SWIFT_VERSION = 3.0;
				TEST_HOST = "$(BUILT_PRODUCTS_DIR)/MVVMLogin.app/MVVMLogin";
			};
			name = Release;
		};
		2B07C6001E45B1D800DBF1A4 /* Debug */ = {
			isa = XCBuildConfiguration;
			baseConfigurationReference = 47E159BCC3FFB1508A3E9577 /* Pods-MVVMLoginUITests.debug.xcconfig */;
			buildSettings = {
				ALWAYS_EMBED_SWIFT_STANDARD_LIBRARIES = "$(inherited)";
				DEVELOPMENT_TEAM = 2MBCXRJ4S3;
				INFOPLIST_FILE = MVVMLoginUITests/Info.plist;
				LD_RUNPATH_SEARCH_PATHS = "$(inherited) @executable_path/Frameworks @loader_path/Frameworks";
				PRODUCT_BUNDLE_IDENTIFIER = com.oxape.MVVMLoginUITests;
				PRODUCT_NAME = "$(TARGET_NAME)";
				SWIFT_VERSION = 3.0;
				TEST_TARGET_NAME = MVVMLogin;
			};
			name = Debug;
		};
		2B07C6011E45B1D800DBF1A4 /* Release */ = {
			isa = XCBuildConfiguration;
			baseConfigurationReference = 2AD4929DFFA169FA0BBBB97C /* Pods-MVVMLoginUITests.release.xcconfig */;
			buildSettings = {
				ALWAYS_EMBED_SWIFT_STANDARD_LIBRARIES = "$(inherited)";
				DEVELOPMENT_TEAM = 2MBCXRJ4S3;
				INFOPLIST_FILE = MVVMLoginUITests/Info.plist;
				LD_RUNPATH_SEARCH_PATHS = "$(inherited) @executable_path/Frameworks @loader_path/Frameworks";
				PRODUCT_BUNDLE_IDENTIFIER = com.oxape.MVVMLoginUITests;
				PRODUCT_NAME = "$(TARGET_NAME)";
				SWIFT_VERSION = 3.0;
				TEST_TARGET_NAME = MVVMLogin;
			};
			name = Release;
		};
/* End XCBuildConfiguration section */

/* Begin XCConfigurationList section */
		2B07C5CC1E45B1D800DBF1A4 /* Build configuration list for PBXProject "MVVMLogin" */ = {
			isa = XCConfigurationList;
			buildConfigurations = (
				2B07C5F71E45B1D800DBF1A4 /* Debug */,
				2B07C5F81E45B1D800DBF1A4 /* Release */,
			);
			defaultConfigurationIsVisible = 0;
			defaultConfigurationName = Release;
		};
		2B07C5F91E45B1D800DBF1A4 /* Build configuration list for PBXNativeTarget "MVVMLogin" */ = {
			isa = XCConfigurationList;
			buildConfigurations = (
				2B07C5FA1E45B1D800DBF1A4 /* Debug */,
				2B07C5FB1E45B1D800DBF1A4 /* Release */,
			);
			defaultConfigurationIsVisible = 0;
			defaultConfigurationName = Release;
		};
		2B07C5FC1E45B1D800DBF1A4 /* Build configuration list for PBXNativeTarget "MVVMLoginTests" */ = {
			isa = XCConfigurationList;
			buildConfigurations = (
				2B07C5FD1E45B1D800DBF1A4 /* Debug */,
				2B07C5FE1E45B1D800DBF1A4 /* Release */,
			);
			defaultConfigurationIsVisible = 0;
			defaultConfigurationName = Release;
		};
		2B07C5FF1E45B1D800DBF1A4 /* Build configuration list for PBXNativeTarget "MVVMLoginUITests" */ = {
			isa = XCConfigurationList;
			buildConfigurations = (
				2B07C6001E45B1D800DBF1A4 /* Debug */,
				2B07C6011E45B1D800DBF1A4 /* Release */,
			);
			defaultConfigurationIsVisible = 0;
			defaultConfigurationName = Release;
		};
/* End XCConfigurationList section */
	};
	rootObject = 2B07C5C91E45B1D800DBF1A4 /* Project object */;
}
